
Microsoft Visual Studio Solution File, Format Version 12.00
# Visual Studio Version 17
VisualStudioVersion = 17.3.32901.215
MinimumVisualStudioVersion = 10.0.40219.1
Project("{FAE04EC0-301F-11D3-BF4B-00C04F79EFBC}") = "UP321", "UP321.csproj", "{A510F3A8-DF69-4F06-A5FB-D8A5597FEEC7}"
EndProject
Global
	GlobalSection(SolutionConfigurationPlatforms) = preSolution
		Debug|Any CPU = Debug|Any CPU
		Release|Any CPU = Release|Any CPU
	EndGlobalSection
	GlobalSection(ProjectConfigurationPlatforms) = postSolution
		{A510F3A8-DF69-4F06-A5FB-D8A5597FEEC7}.Debug|Any CPU.ActiveCfg = Debug|Any CPU
		{A510F3A8-DF69-4F06-A5FB-D8A5597FEEC7}.Debug|Any CPU.Build.0 = Debug|Any CPU
		{A510F3A8-DF69-4F06-A5FB-D8A5597FEEC7}.Release|Any CPU.ActiveCfg = Release|Any CPU
		{A510F3A8-DF69-4F06-A5FB-D8A5597FEEC7}.Release|Any CPU.Build.0 = Release|Any CPU
	EndGlobalSection
	GlobalSection(SolutionProperties) = preSolution
		HideSolutionNode = FALSE
	EndGlobalSection
	GlobalSection(ExtensibilityGlobals) = postSolution
		SolutionGuid = {50D0A057-88E6-463C-8B48-1782C5AAC046}
	EndGlobalSection
EndGlobal
